
Microsoft Visual Studio Solution File, Format Version 12.00
# Visual Studio Version 16
VisualStudioVersion = 16.0.29519.181
MinimumVisualStudioVersion = 10.0.40219.1
Project("{FAE04EC0-301F-11D3-BF4B-00C04F79EFBC}") = "ConsoleAppFrameworkDemo", "ConsoleAppFrameworkDemo\ConsoleAppFrameworkDemo.csproj", "{83108FC3-B4B7-4206-97C5-CB961B0E99D3}"
EndProject
Project("{9A19103F-16F7-4668-BE54-9A1E7A4F7556}") = "ConsoleAppCoreDemo", "ConsoleAppCoreDemo\ConsoleAppCoreDemo.csproj", "{CE0848F2-C24B-4B10-B29A-B4AF6BD13AD7}"
EndProject
Project("{9A19103F-16F7-4668-BE54-9A1E7A4F7556}") = "WebAppCoreDemo", "WebAppCoreDemo\WebAppCoreDemo.csproj", "{92EAA42C-8B01-433A-8040-6E03619BFC76}"
EndProject
Project("{9A19103F-16F7-4668-BE54-9A1E7A4F7556}") = "WebApplicationDemo", "WebApplicationDemo\WebApplicationDemo.csproj", "{EC7B499B-2EAB-48A1-82C2-F23669F4C084}"
EndProject
Global
	GlobalSection(SolutionConfigurationPlatforms) = preSolution
		Debug|Any CPU = Debug|Any CPU
		Release|Any CPU = Release|Any CPU
	EndGlobalSection
	GlobalSection(ProjectConfigurationPlatforms) = postSolution
		{83108FC3-B4B7-4206-97C5-CB961B0E99D3}.Debug|Any CPU.ActiveCfg = Debug|Any CPU
		{83108FC3-B4B7-4206-97C5-CB961B0E99D3}.Debug|Any CPU.Build.0 = Debug|Any CPU
		{83108FC3-B4B7-4206-97C5-CB961B0E99D3}.Release|Any CPU.ActiveCfg = Release|Any CPU
		{83108FC3-B4B7-4206-97C5-CB961B0E99D3}.Release|Any CPU.Build.0 = Release|Any CPU
		{CE0848F2-C24B-4B10-B29A-B4AF6BD13AD7}.Debug|Any CPU.ActiveCfg = Debug|Any CPU
		{CE0848F2-C24B-4B10-B29A-B4AF6BD13AD7}.Debug|Any CPU.Build.0 = Debug|Any CPU
		{CE0848F2-C24B-4B10-B29A-B4AF6BD13AD7}.Release|Any CPU.ActiveCfg = Release|Any CPU
		{CE0848F2-C24B-4B10-B29A-B4AF6BD13AD7}.Release|Any CPU.Build.0 = Release|Any CPU
		{92EAA42C-8B01-433A-8040-6E03619BFC76}.Debug|Any CPU.ActiveCfg = Debug|Any CPU
		{92EAA42C-8B01-433A-8040-6E03619BFC76}.Debug|Any CPU.Build.0 = Debug|Any CPU
		{92EAA42C-8B01-433A-8040-6E03619BFC76}.Release|Any CPU.ActiveCfg = Release|Any CPU
		{92EAA42C-8B01-433A-8040-6E03619BFC76}.Release|Any CPU.Build.0 = Release|Any CPU
		{EC7B499B-2EAB-48A1-82C2-F23669F4C084}.Debug|Any CPU.ActiveCfg = Debug|Any CPU
		{EC7B499B-2EAB-48A1-82C2-F23669F4C084}.Debug|Any CPU.Build.0 = Debug|Any CPU
		{EC7B499B-2EAB-48A1-82C2-F23669F4C084}.Release|Any CPU.ActiveCfg = Release|Any CPU
		{EC7B499B-2EAB-48A1-82C2-F23669F4C084}.Release|Any CPU.Build.0 = Release|Any CPU
	EndGlobalSection
	GlobalSection(SolutionProperties) = preSolution
		HideSolutionNode = FALSE
	EndGlobalSection
	GlobalSection(ExtensibilityGlobals) = postSolution
		SolutionGuid = {1EDB20EA-95FD-4F29-A872-43E8431CA292}
	EndGlobalSection
EndGlobal
